{
  "object": {
    "pins": [
      {
        "package": "Prch",
        "repositoryURL": "https://github.com/brightdigit/Prch.git",
        "state": {
          "branch": null,
          "revision": "0bfc77657088fdacc995c0368a767c2ba18b94f2",
          "version": "0.1.1"
        }
      }
    ]
  },
  "version": 1
}
